
Microsoft Visual Studio Solution File, Format Version 12.00
# Visual Studio Version 17
VisualStudioVersion = 17.9.34616.47
MinimumVisualStudioVersion = 10.0.40219.1
Project("{FAE04EC0-301F-11D3-BF4B-00C04F79EFBC}") = "FormsTorneo", "FormsTorneo\FormsTorneo.csproj", "{68B0645C-4440-4A63-A676-E74226F249B6}"
EndProject
Project("{FAE04EC0-301F-11D3-BF4B-00C04F79EFBC}") = "clsEstructuraDatos", "clsEstructuraDatos\clsEstructuraDatos.csproj", "{01B447F0-6969-4023-97D1-BEEA63265B6F}"
EndProject
Global
	GlobalSection(SolutionConfigurationPlatforms) = preSolution
		Debug|Any CPU = Debug|Any CPU
		Release|Any CPU = Release|Any CPU
	EndGlobalSection
	GlobalSection(ProjectConfigurationPlatforms) = postSolution
		{68B0645C-4440-4A63-A676-E74226F249B6}.Debug|Any CPU.ActiveCfg = Debug|Any CPU
		{68B0645C-4440-4A63-A676-E74226F249B6}.Debug|Any CPU.Build.0 = Debug|Any CPU
		{68B0645C-4440-4A63-A676-E74226F249B6}.Release|Any CPU.ActiveCfg = Release|Any CPU
		{68B0645C-4440-4A63-A676-E74226F249B6}.Release|Any CPU.Build.0 = Release|Any CPU
		{01B447F0-6969-4023-97D1-BEEA63265B6F}.Debug|Any CPU.ActiveCfg = Debug|Any CPU
		{01B447F0-6969-4023-97D1-BEEA63265B6F}.Debug|Any CPU.Build.0 = Debug|Any CPU
		{01B447F0-6969-4023-97D1-BEEA63265B6F}.Release|Any CPU.ActiveCfg = Release|Any CPU
		{01B447F0-6969-4023-97D1-BEEA63265B6F}.Release|Any CPU.Build.0 = Release|Any CPU
	EndGlobalSection
	GlobalSection(SolutionProperties) = preSolution
		HideSolutionNode = FALSE
	EndGlobalSection
	GlobalSection(ExtensibilityGlobals) = postSolution
		SolutionGuid = {C6D15436-9B7B-4046-9180-DD46AC7DC52F}
	EndGlobalSection
EndGlobal
